// !$*UTF8*$!
{
	archiveVersion = 1;
	classes = {
	};
	objectVersion = 56;
	objects = {

/* Begin PBXBuildFile section */
		4AA819372940A2550085C63F /* MainApp.swift in Sources */ = {isa = PBXBuildFile; fileRef = 4AA819362940A2550085C63F /* MainApp.swift */; };
		4AA819392940A2550085C63F /* RootView.swift in Sources */ = {isa = PBXBuildFile; fileRef = 4AA819382940A2550085C63F /* RootView.swift */; };
		4AA8193B2940A2560085C63F /* Assets.xcassets in Resources */ = {isa = PBXBuildFile; fileRef = 4AA8193A2940A2560085C63F /* Assets.xcassets */; };
		4AA8193E2940A2560085C63F /* Preview Assets.xcassets in Resources */ = {isa = PBXBuildFile; fileRef = 4AA8193D2940A2560085C63F /* Preview Assets.xcassets */; };
		4AA819452940A6840085C63F /* AppEnvironment.swift in Sources */ = {isa = PBXBuildFile; fileRef = 4AA819442940A6840085C63F /* AppEnvironment.swift */; };
		4AA819472940A87C0085C63F /* NavigationModifier.swift in Sources */ = {isa = PBXBuildFile; fileRef = 4AA819462940A87C0085C63F /* NavigationModifier.swift */; };
		4AA819492940A8950085C63F /* Route.swift in Sources */ = {isa = PBXBuildFile; fileRef = 4AA819482940A8950085C63F /* Route.swift */; };
		4AA819532940AC130085C63F /* UserView.swift in Sources */ = {isa = PBXBuildFile; fileRef = 4AA819522940AC130085C63F /* UserView.swift */; };
		4AA819552940AC1F0085C63F /* WebView.swift in Sources */ = {isa = PBXBuildFile; fileRef = 4AA819542940AC1F0085C63F /* WebView.swift */; };
		4AA819572940AD8C0085C63F /* DetailView.swift in Sources */ = {isa = PBXBuildFile; fileRef = 4AA819562940AD8C0085C63F /* DetailView.swift */; };
		AAC847552940BB4300241D95 /* HomeView.swift in Sources */ = {isa = PBXBuildFile; fileRef = AAC847542940BB4300241D95 /* HomeView.swift */; };
		AAC8475A2940BCC500241D95 /* SearchView.swift in Sources */ = {isa = PBXBuildFile; fileRef = AAC847592940BCC500241D95 /* SearchView.swift */; };
		AAC8475C2940BCD500241D95 /* MyPageView.swift in Sources */ = {isa = PBXBuildFile; fileRef = AAC8475B2940BCD500241D95 /* MyPageView.swift */; };
/* End PBXBuildFile section */

/* Begin PBXFileReference section */
		4AA819332940A2550085C63F /* SampleNavigationStack.app */ = {isa = PBXFileReference; explicitFileType = wrapper.application; includeInIndex = 0; path = SampleNavigationStack.app; sourceTree = BUILT_PRODUCTS_DIR; };
		4AA819362940A2550085C63F /* MainApp.swift */ = {isa = PBXFileReference; lastKnownFileType = sourcecode.swift; path = MainApp.swift; sourceTree = "<group>"; };
		4AA819382940A2550085C63F /* RootView.swift */ = {isa = PBXFileReference; lastKnownFileType = sourcecode.swift; path = RootView.swift; sourceTree = "<group>"; };
		4AA8193A2940A2560085C63F /* Assets.xcassets */ = {isa = PBXFileReference; lastKnownFileType = folder.assetcatalog; path = Assets.xcassets; sourceTree = "<group>"; };
		4AA8193D2940A2560085C63F /* Preview Assets.xcassets */ = {isa = PBXFileReference; lastKnownFileType = folder.assetcatalog; path = "Preview Assets.xcassets"; sourceTree = "<group>"; };
		4AA819442940A6840085C63F /* AppEnvironment.swift */ = {isa = PBXFileReference; lastKnownFileType = sourcecode.swift; path = AppEnvironment.swift; sourceTree = "<group>"; };
		4AA819462940A87C0085C63F /* NavigationModifier.swift */ = {isa = PBXFileReference; lastKnownFileType = sourcecode.swift; path = NavigationModifier.swift; sourceTree = "<group>"; };
		4AA819482940A8950085C63F /* Route.swift */ = {isa = PBXFileReference; lastKnownFileType = sourcecode.swift; path = Route.swift; sourceTree = "<group>"; };
		4AA819522940AC130085C63F /* UserView.swift */ = {isa = PBXFileReference; lastKnownFileType = sourcecode.swift; path = UserView.swift; sourceTree = "<group>"; };
		4AA819542940AC1F0085C63F /* WebView.swift */ = {isa = PBXFileReference; lastKnownFileType = sourcecode.swift; path = WebView.swift; sourceTree = "<group>"; };
		4AA819562940AD8C0085C63F /* DetailView.swift */ = {isa = PBXFileReference; lastKnownFileType = sourcecode.swift; path = DetailView.swift; sourceTree = "<group>"; };
		AAC847542940BB4300241D95 /* HomeView.swift */ = {isa = PBXFileReference; lastKnownFileType = sourcecode.swift; path = HomeView.swift; sourceTree = "<group>"; };
		AAC847592940BCC500241D95 /* SearchView.swift */ = {isa = PBXFileReference; lastKnownFileType = sourcecode.swift; path = SearchView.swift; sourceTree = "<group>"; };
		AAC8475B2940BCD500241D95 /* MyPageView.swift */ = {isa = PBXFileReference; lastKnownFileType = sourcecode.swift; path = MyPageView.swift; sourceTree = "<group>"; };
/* End PBXFileReference section */

/* Begin PBXFrameworksBuildPhase section */
		4AA819302940A2550085C63F /* Frameworks */ = {
			isa = PBXFrameworksBuildPhase;
			buildActionMask = 2147483647;
			files = (
			);
			runOnlyForDeploymentPostprocessing = 0;
		};
/* End PBXFrameworksBuildPhase section */

/* Begin PBXGroup section */
		4AA8192A2940A2550085C63F = {
			isa = PBXGroup;
			children = (
				4AA819352940A2550085C63F /* SampleNavigationStack */,
				4AA819342940A2550085C63F /* Products */,
			);
			sourceTree = "<group>";
		};
		4AA819342940A2550085C63F /* Products */ = {
			isa = PBXGroup;
			children = (
				4AA819332940A2550085C63F /* SampleNavigationStack.app */,
			);
			name = Products;
			sourceTree = "<group>";
		};
		4AA819352940A2550085C63F /* SampleNavigationStack */ = {
			isa = PBXGroup;
			children = (
				4AA8194B2940ABE10085C63F /* Views */,
				4AA819362940A2550085C63F /* MainApp.swift */,
				4AA819482940A8950085C63F /* Route.swift */,
				4AA819442940A6840085C63F /* AppEnvironment.swift */,
				4AA8193A2940A2560085C63F /* Assets.xcassets */,
				4AA8193C2940A2560085C63F /* Preview Content */,
			);
			path = SampleNavigationStack;
			sourceTree = "<group>";
		};
		4AA8193C2940A2560085C63F /* Preview Content */ = {
			isa = PBXGroup;
			children = (
				4AA8193D2940A2560085C63F /* Preview Assets.xcassets */,
			);
			path = "Preview Content";
			sourceTree = "<group>";
		};
		4AA8194B2940ABE10085C63F /* Views */ = {
			isa = PBXGroup;
			children = (
				AAC847562940BC2800241D95 /* Common */,
				AAC847572940BC3C00241D95 /* Main */,
				AAC847582940BC5700241D95 /* Sub */,
			);
			path = Views;
			sourceTree = "<group>";
		};
		AAC847562940BC2800241D95 /* Common */ = {
			isa = PBXGroup;
			children = (
				4AA819462940A87C0085C63F /* NavigationModifier.swift */,
			);
			path = Common;
			sourceTree = "<group>";
		};
		AAC847572940BC3C00241D95 /* Main */ = {
			isa = PBXGroup;
			children = (
				4AA819382940A2550085C63F /* RootView.swift */,
				AAC847542940BB4300241D95 /* HomeView.swift */,
				AAC847592940BCC500241D95 /* SearchView.swift */,
				AAC8475B2940BCD500241D95 /* MyPageView.swift */,
			);
			path = Main;
			sourceTree = "<group>";
		};
		AAC847582940BC5700241D95 /* Sub */ = {
			isa = PBXGroup;
			children = (
				4AA819562940AD8C0085C63F /* DetailView.swift */,
				4AA819522940AC130085C63F /* UserView.swift */,
				4AA819542940AC1F0085C63F /* WebView.swift */,
			);
			path = Sub;
			sourceTree = "<group>";
		};
/* End PBXGroup section */

/* Begin PBXNativeTarget section */
		4AA819322940A2550085C63F /* SampleNavigationStack */ = {
			isa = PBXNativeTarget;
			buildConfigurationList = 4AA819412940A2560085C63F /* Build configuration list for PBXNativeTarget "SampleNavigationStack" */;
			buildPhases = (
				4AA8192F2940A2550085C63F /* Sources */,
				4AA819302940A2550085C63F /* Frameworks */,
				4AA819312940A2550085C63F /* Resources */,
			);
			buildRules = (
			);
			dependencies = (
			);
			name = SampleNavigationStack;
			productName = SampleNavigationStack;
			productReference = 4AA819332940A2550085C63F /* SampleNavigationStack.app */;
			productType = "com.apple.product-type.application";
		};
/* End PBXNativeTarget section */

/* Begin PBXProject section */
		4AA8192B2940A2550085C63F /* Project object */ = {
			isa = PBXProject;
			attributes = {
				BuildIndependentTargetsInParallel = 1;
				LastSwiftUpdateCheck = 1410;
				LastUpgradeCheck = 1410;
				TargetAttributes = {
					4AA819322940A2550085C63F = {
						CreatedOnToolsVersion = 14.1;
					};
				};
			};
			buildConfigurationList = 4AA8192E2940A2550085C63F /* Build configuration list for PBXProject "SampleNavigationStack" */;
			compatibilityVersion = "Xcode 14.0";
			developmentRegion = en;
			hasScannedForEncodings = 0;
			knownRegions = (
				en,
				Base,
			);
			mainGroup = 4AA8192A2940A2550085C63F;
			productRefGroup = 4AA819342940A2550085C63F /* Products */;
			projectDirPath = "";
			projectRoot = "";
			targets = (
				4AA819322940A2550085C63F /* SampleNavigationStack */,
			);
		};
/* End PBXProject section */

/* Begin PBXResourcesBuildPhase section */
		4AA819312940A2550085C63F /* Resources */ = {
			isa = PBXResourcesBuildPhase;
			buildActionMask = 2147483647;
			files = (
				4AA8193E2940A2560085C63F /* Preview Assets.xcassets in Resources */,
				4AA8193B2940A2560085C63F /* Assets.xcassets in Resources */,
			);
			runOnlyForDeploymentPostprocessing = 0;
		};
/* End PBXResourcesBuildPhase section */

/* Begin PBXSourcesBuildPhase section */
		4AA8192F2940A2550085C63F /* Sources */ = {
			isa = PBXSourcesBuildPhase;
			buildActionMask = 2147483647;
			files = (
				AAC8475A2940BCC500241D95 /* SearchView.swift in Sources */,
				AAC847552940BB4300241D95 /* HomeView.swift in Sources */,
				4AA819392940A2550085C63F /* RootView.swift in Sources */,
				4AA819572940AD8C0085C63F /* DetailView.swift in Sources */,
				4AA819552940AC1F0085C63F /* WebView.swift in Sources */,
				4AA819452940A6840085C63F /* AppEnvironment.swift in Sources */,
				AAC8475C2940BCD500241D95 /* MyPageView.swift in Sources */,
				4AA819472940A87C0085C63F /* NavigationModifier.swift in Sources */,
				4AA819492940A8950085C63F /* Route.swift in Sources */,
				4AA819372940A2550085C63F /* MainApp.swift in Sources */,
				4AA819532940AC130085C63F /* UserView.swift in Sources */,
			);
			runOnlyForDeploymentPostprocessing = 0;
		};
/* End PBXSourcesBuildPhase section */

/* Begin XCBuildConfiguration section */
		4AA8193F2940A2560085C63F /* Debug */ = {
			isa = XCBuildConfiguration;
			buildSettings = {
				ALWAYS_SEARCH_USER_PATHS = NO;
				CLANG_ANALYZER_NONNULL = YES;
				CLANG_ANALYZER_NUMBER_OBJECT_CONVERSION = YES_AGGRESSIVE;
				CLANG_CXX_LANGUAGE_STANDARD = "gnu++20";
				CLANG_ENABLE_MODULES = YES;
				CLANG_ENABLE_OBJC_ARC = YES;
				CLANG_ENABLE_OBJC_WEAK = YES;
				CLANG_WARN_BLOCK_CAPTURE_AUTORELEASING = YES;
				CLANG_WARN_BOOL_CONVERSION = YES;
				CLANG_WARN_COMMA = YES;
				CLANG_WARN_CONSTANT_CONVERSION = YES;
				CLANG_WARN_DEPRECATED_OBJC_IMPLEMENTATIONS = YES;
				CLANG_WARN_DIRECT_OBJC_ISA_USAGE = YES_ERROR;
				CLANG_WARN_DOCUMENTATION_COMMENTS = YES;
				CLANG_WARN_EMPTY_BODY = YES;
				CLANG_WARN_ENUM_CONVERSION = YES;
				CLANG_WARN_INFINITE_RECURSION = YES;
				CLANG_WARN_INT_CONVERSION = YES;
				CLANG_WARN_NON_LITERAL_NULL_CONVERSION = YES;
				CLANG_WARN_OBJC_IMPLICIT_RETAIN_SELF = YES;
				CLANG_WARN_OBJC_LITERAL_CONVERSION = YES;
				CLANG_WARN_OBJC_ROOT_CLASS = YES_ERROR;
				CLANG_WARN_QUOTED_INCLUDE_IN_FRAMEWORK_HEADER = YES;
				CLANG_WARN_RANGE_LOOP_ANALYSIS = YES;
				CLANG_WARN_STRICT_PROTOTYPES = YES;
				CLANG_WARN_SUSPICIOUS_MOVE = YES;
				CLANG_WARN_UNGUARDED_AVAILABILITY = YES_AGGRESSIVE;
				CLANG_WARN_UNREACHABLE_CODE = YES;
				CLANG_WARN__DUPLICATE_METHOD_MATCH = YES;
				COPY_PHASE_STRIP = NO;
				DEBUG_INFORMATION_FORMAT = dwarf;
				ENABLE_STRICT_OBJC_MSGSEND = YES;
				ENABLE_TESTABILITY = YES;
				GCC_C_LANGUAGE_STANDARD = gnu11;
				GCC_DYNAMIC_NO_PIC = NO;
				GCC_NO_COMMON_BLOCKS = YES;
				GCC_OPTIMIZATION_LEVEL = 0;
				GCC_PREPROCESSOR_DEFINITIONS = (
					"DEBUG=1",
					"$(inherited)",
				);
				GCC_WARN_64_TO_32_BIT_CONVERSION = YES;
				GCC_WARN_ABOUT_RETURN_TYPE = YES_ERROR;
				GCC_WARN_UNDECLARED_SELECTOR = YES;
				GCC_WARN_UNINITIALIZED_AUTOS = YES_AGGRESSIVE;
				GCC_WARN_UNUSED_FUNCTION = YES;
				GCC_WARN_UNUSED_VARIABLE = YES;
				IPHONEOS_DEPLOYMENT_TARGET = 16.1;
				MTL_ENABLE_DEBUG_INFO = INCLUDE_SOURCE;
				MTL_FAST_MATH = YES;
				ONLY_ACTIVE_ARCH = YES;
				SDKROOT = iphoneos;
				SWIFT_ACTIVE_COMPILATION_CONDITIONS = DEBUG;
				SWIFT_OPTIMIZATION_LEVEL = "-Onone";
			};
			name = Debug;
		};
		4AA819402940A2560085C63F /* Release */ = {
			isa = XCBuildConfiguration;
			buildSettings = {
				ALWAYS_SEARCH_USER_PATHS = NO;
				CLANG_ANALYZER_NONNULL = YES;
				CLANG_ANALYZER_NUMBER_OBJECT_CONVERSION = YES_AGGRESSIVE;
				CLANG_CXX_LANGUAGE_STANDARD = "gnu++20";
				CLANG_ENABLE_MODULES = YES;
				CLANG_ENABLE_OBJC_ARC = YES;
				CLANG_ENABLE_OBJC_WEAK = YES;
				CLANG_WARN_BLOCK_CAPTURE_AUTORELEASING = YES;
				CLANG_WARN_BOOL_CONVERSION = YES;
				CLANG_WARN_COMMA = YES;
				CLANG_WARN_CONSTANT_CONVERSION = YES;
				CLANG_WARN_DEPRECATED_OBJC_IMPLEMENTATIONS = YES;
				CLANG_WARN_DIRECT_OBJC_ISA_USAGE = YES_ERROR;
				CLANG_WARN_DOCUMENTATION_COMMENTS = YES;
				CLANG_WARN_EMPTY_BODY = YES;
				CLANG_WARN_ENUM_CONVERSION = YES;
				CLANG_WARN_INFINITE_RECURSION = YES;
				CLANG_WARN_INT_CONVERSION = YES;
				CLANG_WARN_NON_LITERAL_NULL_CONVERSION = YES;
				CLANG_WARN_OBJC_IMPLICIT_RETAIN_SELF = YES;
				CLANG_WARN_OBJC_LITERAL_CONVERSION = YES;
				CLANG_WARN_OBJC_ROOT_CLASS = YES_ERROR;
				CLANG_WARN_QUOTED_INCLUDE_IN_FRAMEWORK_HEADER = YES;
				CLANG_WARN_RANGE_LOOP_ANALYSIS = YES;
				CLANG_WARN_STRICT_PROTOTYPES = YES;
				CLANG_WARN_SUSPICIOUS_MOVE = YES;
				CLANG_WARN_UNGUARDED_AVAILABILITY = YES_AGGRESSIVE;
				CLANG_WARN_UNREACHABLE_CODE = YES;
				CLANG_WARN__DUPLICATE_METHOD_MATCH = YES;
				COPY_PHASE_STRIP = NO;
				DEBUG_INFORMATION_FORMAT = "dwarf-with-dsym";
				ENABLE_NS_ASSERTIONS = NO;
				ENABLE_STRICT_OBJC_MSGSEND = YES;
				GCC_C_LANGUAGE_STANDARD = gnu11;
				GCC_NO_COMMON_BLOCKS = YES;
				GCC_WARN_64_TO_32_BIT_CONVERSION = YES;
				GCC_WARN_ABOUT_RETURN_TYPE = YES_ERROR;
				GCC_WARN_UNDECLARED_SELECTOR = YES;
				GCC_WARN_UNINITIALIZED_AUTOS = YES_AGGRESSIVE;
				GCC_WARN_UNUSED_FUNCTION = YES;
				GCC_WARN_UNUSED_VARIABLE = YES;
				IPHONEOS_DEPLOYMENT_TARGET = 16.1;
				MTL_ENABLE_DEBUG_INFO = NO;
				MTL_FAST_MATH = YES;
				SDKROOT = iphoneos;
				SWIFT_COMPILATION_MODE = wholemodule;
				SWIFT_OPTIMIZATION_LEVEL = "-O";
				VALIDATE_PRODUCT = YES;
			};
			name = Release;
		};
		4AA819422940A2560085C63F /* Debug */ = {
			isa = XCBuildConfiguration;
			buildSettings = {
				ASSETCATALOG_COMPILER_APPICON_NAME = AppIcon;
				ASSETCATALOG_COMPILER_GLOBAL_ACCENT_COLOR_NAME = AccentColor;
				CODE_SIGN_STYLE = Automatic;
				CURRENT_PROJECT_VERSION = 1;
				DEVELOPMENT_ASSET_PATHS = "\"SampleNavigationStack/Preview Content\"";
				DEVELOPMENT_TEAM = YUP4SAMZ94;
				ENABLE_PREVIEWS = YES;
				GENERATE_INFOPLIST_FILE = YES;
				INFOPLIST_KEY_UIApplicationSceneManifest_Generation = YES;
				INFOPLIST_KEY_UIApplicationSupportsIndirectInputEvents = YES;
				INFOPLIST_KEY_UILaunchScreen_Generation = YES;
				INFOPLIST_KEY_UISupportedInterfaceOrientations_iPad = "UIInterfaceOrientationPortrait UIInterfaceOrientationPortraitUpsideDown UIInterfaceOrientationLandscapeLeft UIInterfaceOrientationLandscapeRight";
				INFOPLIST_KEY_UISupportedInterfaceOrientations_iPhone = "UIInterfaceOrientationPortrait UIInterfaceOrientationLandscapeLeft UIInterfaceOrientationLandscapeRight";
				LD_RUNPATH_SEARCH_PATHS = (
					"$(inherited)",
					"@executable_path/Frameworks",
				);
				MARKETING_VERSION = 1.0;
				PRODUCT_BUNDLE_IDENTIFIER = com.tsuzuki817..SampleNavigationStack;
				PRODUCT_NAME = "$(TARGET_NAME)";
				SWIFT_EMIT_LOC_STRINGS = YES;
				SWIFT_VERSION = 5.0;
				TARGETED_DEVICE_FAMILY = "1,2";
			};
			name = Debug;
		};
		4AA819432940A2560085C63F /* Release */ = {
			isa = XCBuildConfiguration;
			buildSettings = {
				ASSETCATALOG_COMPILER_APPICON_NAME = AppIcon;
				ASSETCATALOG_COMPILER_GLOBAL_ACCENT_COLOR_NAME = AccentColor;
				CODE_SIGN_STYLE = Automatic;
				CURRENT_PROJECT_VERSION = 1;
				DEVELOPMENT_ASSET_PATHS = "\"SampleNavigationStack/Preview Content\"";
				DEVELOPMENT_TEAM = YUP4SAMZ94;
				ENABLE_PREVIEWS = YES;
				GENERATE_INFOPLIST_FILE = YES;
				INFOPLIST_KEY_UIApplicationSceneManifest_Generation = YES;
				INFOPLIST_KEY_UIApplicationSupportsIndirectInputEvents = YES;
				INFOPLIST_KEY_UILaunchScreen_Generation = YES;
				INFOPLIST_KEY_UISupportedInterfaceOrientations_iPad = "UIInterfaceOrientationPortrait UIInterfaceOrientationPortraitUpsideDown UIInterfaceOrientationLandscapeLeft UIInterfaceOrientationLandscapeRight";
				INFOPLIST_KEY_UISupportedInterfaceOrientations_iPhone = "UIInterfaceOrientationPortrait UIInterfaceOrientationLandscapeLeft UIInterfaceOrientationLandscapeRight";
				LD_RUNPATH_SEARCH_PATHS = (
					"$(inherited)",
					"@executable_path/Frameworks",
				);
				MARKETING_VERSION = 1.0;
				PRODUCT_BUNDLE_IDENTIFIER = com.tsuzuki817..SampleNavigationStack;
				PRODUCT_NAME = "$(TARGET_NAME)";
				SWIFT_EMIT_LOC_STRINGS = YES;
				SWIFT_VERSION = 5.0;
				TARGETED_DEVICE_FAMILY = "1,2";
			};
			name = Release;
		};
/* End XCBuildConfiguration section */

/* Begin XCConfigurationList section */
		4AA8192E2940A2550085C63F /* Build configuration list for PBXProject "SampleNavigationStack" */ = {
			isa = XCConfigurationList;
			buildConfigurations = (
				4AA8193F2940A2560085C63F /* Debug */,
				4AA819402940A2560085C63F /* Release */,
			);
			defaultConfigurationIsVisible = 0;
			defaultConfigurationName = Release;
		};
		4AA819412940A2560085C63F /* Build configuration list for PBXNativeTarget "SampleNavigationStack" */ = {
			isa = XCConfigurationList;
			buildConfigurations = (
				4AA819422940A2560085C63F /* Debug */,
				4AA819432940A2560085C63F /* Release */,
			);
			defaultConfigurationIsVisible = 0;
			defaultConfigurationName = Release;
		};
/* End XCConfigurationList section */
	};
	rootObject = 4AA8192B2940A2550085C63F /* Project object */;
}
